{
	"name": "log-cli",
	"version": "1.0.0",
  "bin": {
    "log-cli": "lib/log-cli.js"
  },
	"lockfileVersion": 2,
	"requires": true,
	"packages": {
		"": {
			"version": "1.0.0",
			"license": "ISC",
			"dependencies": {
				"commands": "^0.0.7"
			}
		},
		"node_modules/commands": {
			"version": "0.0.7",
			"resolved": "https://registry.npmjs.org/commands/-/commands-0.0.7.tgz",
			"integrity": "sha1-rtlY2wucWPe+bFQ+2cjgIilsLqQ=",
			"engines": {
				"node": ">= 0.4.1"
			}
		}
	},
	"dependencies": {
		"commands": {
			"version": "0.0.7",
			"resolved": "https://registry.npmjs.org/commands/-/commands-0.0.7.tgz",
			"integrity": "sha1-rtlY2wucWPe+bFQ+2cjgIilsLqQ="
		}
	}
}
