{
	"name": "mckriskr-log-cli",
	"version": "1.0.4",
	"lockfileVersion": 2,
	"requires": true,
	"packages": {
		"": {
			"name": "mckriskr-log-cli",
			"version": "1.0.1",
			"license": "ISC",
			"dependencies": {
				"commander": "^8.1.0",
				"log-core": "^1.0.1"
			},
			"bin": {
				"log-cli": "lib/log-cli.js"
			}
		},
		"node_modules/commander": {
			"version": "8.1.0",
			"resolved": "https://registry.npmjs.org/commander/-/commander-8.1.0.tgz",
			"integrity": "sha512-mf45ldcuHSYShkplHHGKWb4TrmwQadxOn7v4WuhDJy0ZVoY5JFajaRDKD0PNe5qXzBX0rhovjTnP6Kz9LETcuA==",
			"engines": {
				"node": ">= 12"
			}
		},
		"node_modules/log-core": {
			"version": "1.0.1",
			"resolved": "https://registry.npmjs.org/log-core/-/log-core-1.0.1.tgz",
			"integrity": "sha512-JM7z6BqtQbhoLjY9WAHrWBKKU8JLB0q2h95cWsUG/dD1c3rqBRR39B7NWP1aQGQyoGQYQYgpqf7LyNbxVx8nLQ=="
		}
	},
	"dependencies": {
		"commander": {
			"version": "8.1.0",
			"resolved": "https://registry.npmjs.org/commander/-/commander-8.1.0.tgz",
			"integrity": "sha512-mf45ldcuHSYShkplHHGKWb4TrmwQadxOn7v4WuhDJy0ZVoY5JFajaRDKD0PNe5qXzBX0rhovjTnP6Kz9LETcuA=="
		},
		"log-core": {
			"version": "1.0.1",
			"resolved": "https://registry.npmjs.org/log-core/-/log-core-1.0.1.tgz",
			"integrity": "sha512-JM7z6BqtQbhoLjY9WAHrWBKKU8JLB0q2h95cWsUG/dD1c3rqBRR39B7NWP1aQGQyoGQYQYgpqf7LyNbxVx8nLQ=="
		}
	},
	"bin": {
		"log-cli": "lib/log-cli.js"
	}
}
